
Microsoft Visual Studio Solution File, Format Version 12.00
# Visual Studio Version 17
VisualStudioVersion = 17.11.35303.130
MinimumVisualStudioVersion = 10.0.40219.1
Project("{9A19103F-16F7-4668-BE54-9A1E7A4F7556}") = "FireSense.WebApi", "FireSense.WebApi\FireSense.WebApi.csproj", "{0C17DB01-7F78-444F-92A9-3228FC1B4822}"
EndProject
Project("{2150E333-8FDC-42A3-9474-1A3956D46DE8}") = "0 - Presentation", "0 - Presentation", "{61A4BDCE-B4DB-455C-A549-F27800EE3A02}"
EndProject
Global
	GlobalSection(SolutionConfigurationPlatforms) = preSolution
		Debug|Any CPU = Debug|Any CPU
		Release|Any CPU = Release|Any CPU
	EndGlobalSection
	GlobalSection(ProjectConfigurationPlatforms) = postSolution
		{0C17DB01-7F78-444F-92A9-3228FC1B4822}.Debug|Any CPU.ActiveCfg = Debug|Any CPU
		{0C17DB01-7F78-444F-92A9-3228FC1B4822}.Debug|Any CPU.Build.0 = Debug|Any CPU
		{0C17DB01-7F78-444F-92A9-3228FC1B4822}.Release|Any CPU.ActiveCfg = Release|Any CPU
		{0C17DB01-7F78-444F-92A9-3228FC1B4822}.Release|Any CPU.Build.0 = Release|Any CPU
	EndGlobalSection
	GlobalSection(SolutionProperties) = preSolution
		HideSolutionNode = FALSE
	EndGlobalSection
	GlobalSection(NestedProjects) = preSolution
		{0C17DB01-7F78-444F-92A9-3228FC1B4822} = {61A4BDCE-B4DB-455C-A549-F27800EE3A02}
	EndGlobalSection
	GlobalSection(ExtensibilityGlobals) = postSolution
		SolutionGuid = {84B302BB-11D0-4E7C-9BFD-718A8E2E1EBB}
	EndGlobalSection
EndGlobal
